PODS:
  - FlagPhoneNumber (0.5.0):
    - libPhoneNumber-iOS
  - libPhoneNumber-iOS (0.9.13)
  - SwiftLint (0.27.0)

DEPENDENCIES:
  - FlagPhoneNumber (from `../`)
  - SwiftLint

SPEC REPOS:
  https://github.com/cocoapods/specs.git:
    - libPhoneNumber-iOS
    - SwiftLint

EXTERNAL SOURCES:
  FlagPhoneNumber:
    :path: "../"

SPEC CHECKSUMS:
  FlagPhoneNumber: eb454a6ab76c70133fb44b6ad68a47ab6fc30f51
  libPhoneNumber-iOS: e444379ac18bbfbdefad571da735b2cd7e096caa
  SwiftLint: 3207c1faa2240bf8973b191820a116113cd11073

PODFILE CHECKSUM: 833345326d22a9441faffa70c41d9c1372dd872c

COCOAPODS: 1.5.3
