PODS:
  - CTKFlagPhoneNumber (0.2.0):
    - libPhoneNumber-iOS
  - libPhoneNumber-iOS (0.9.12)

DEPENDENCIES:
  - CTKFlagPhoneNumber (from `../`)

EXTERNAL SOURCES:
  CTKFlagPhoneNumber:
    :path: ../

SPEC CHECKSUMS:
  CTKFlagPhoneNumber: 4f444ca1e698c5cd1b664f310f33b4fbfc87a9bb
  libPhoneNumber-iOS: b8a1038a101c78616c4df87815ac1556349faf98

PODFILE CHECKSUM: 76dfbd20ddd9e7b17fd49e7ee2054d7a2a239cf8

COCOAPODS: 1.4.0.beta.2
