PODS:
  - FlagPhoneNumber (0.7.6):
    - FlagPhoneNumber/libPhoneNumberiOS (= 0.7.6)
  - FlagPhoneNumber/libPhoneNumberiOS (0.7.6)

DEPENDENCIES:
  - FlagPhoneNumber (from `../`)

EXTERNAL SOURCES:
  FlagPhoneNumber:
    :path: "../"

SPEC CHECKSUMS:
  FlagPhoneNumber: ee8d015e7e92b776a3598e6a36718196e0d0dcf5

PODFILE CHECKSUM: af6e5d2788506eafefe46d7eddeb65bbfd0082b6

COCOAPODS: 1.6.0
